{
  "name": "@workspace/api-client-react",
  "version": "0.0.0",
  "lockfileVersion": 3,
  "requires": true,
  "packages": {
    "": {
      "name": "@workspace/api-client-react",
      "version": "0.0.0",
      "dependencies": {
        "@tanstack/react-query": "^5.90.21"
      },
      "peerDependencies": {
        "react": ">=18"
      }
    },
    "../../node_modules/.pnpm/@tanstack+react-query@5.100.9_react@19.1.0/node_modules/@tanstack/react-query": {
      "version": "5.100.9",
      "license": "MIT",
      "dependencies": {
        "@tanstack/query-core": "5.100.9"
      },
      "devDependencies": {
        "@tanstack/query-persist-client-core": "5.100.9",
        "@tanstack/query-test-utils": "0.0.0",
        "@testing-library/react": "^16.1.0",
        "@testing-library/react-render-stream": "^2.0.2",
        "@types/react": "^19.2.7",
        "@types/react-dom": "^19.2.3",
        "@vitejs/plugin-react": "^4.3.4",
        "cpy-cli": "^5.0.0",
        "npm-run-all2": "^5.0.0",
        "react": "^19.2.1",
        "react-dom": "^19.2.1",
        "react-error-boundary": "^4.1.2"
      },
      "funding": {
        "type": "github",
        "url": "https://github.com/sponsors/tannerlinsley"
      },
      "peerDependencies": {
        "react": "^18 || ^19"
      }
    },
    "node_modules/@tanstack/react-query": {
      "resolved": "../../node_modules/.pnpm/@tanstack+react-query@5.100.9_react@19.1.0/node_modules/@tanstack/react-query",
      "link": true
    }
  }
}
